
Microsoft Visual Studio Solution File, Format Version 12.00
# Visual Studio Version 17
VisualStudioVersion = 17.0.31903.59
MinimumVisualStudioVersion = 10.0.40219.1
Project("{FAE04EC0-301F-11D3-BF4B-00C04F79EFBC}") = "AethelHook.API", "AethelHook.API\AethelHook.API.csproj", "{09A07A86-CA46-40CC-AE36-B2DDF6E8E888}"
EndProject
Project("{FAE04EC0-301F-11D3-BF4B-00C04F79EFBC}") = "AethelHook.Tray", "AethelHook.Tray\AethelHook.Tray.csproj", "{BB2F1D31-C1E3-4E76-8E18-C0FE7814FBAE}"
EndProject
Global
	GlobalSection(SolutionConfigurationPlatforms) = preSolution
		Debug|Any CPU = Debug|Any CPU
		Debug|x64 = Debug|x64
		Debug|x86 = Debug|x86
		Release|Any CPU = Release|Any CPU
		Release|x64 = Release|x64
		Release|x86 = Release|x86
	EndGlobalSection
	GlobalSection(ProjectConfigurationPlatforms) = postSolution
		{09A07A86-CA46-40CC-AE36-B2DDF6E8E888}.Debug|Any CPU.ActiveCfg = Debug|Any CPU
		{09A07A86-CA46-40CC-AE36-B2DDF6E8E888}.Debug|Any CPU.Build.0 = Debug|Any CPU
		{09A07A86-CA46-40CC-AE36-B2DDF6E8E888}.Debug|x64.ActiveCfg = Debug|Any CPU
		{09A07A86-CA46-40CC-AE36-B2DDF6E8E888}.Debug|x64.Build.0 = Debug|Any CPU
		{09A07A86-CA46-40CC-AE36-B2DDF6E8E888}.Debug|x86.ActiveCfg = Debug|Any CPU
		{09A07A86-CA46-40CC-AE36-B2DDF6E8E888}.Debug|x86.Build.0 = Debug|Any CPU
		{09A07A86-CA46-40CC-AE36-B2DDF6E8E888}.Release|Any CPU.ActiveCfg = Release|Any CPU
		{09A07A86-CA46-40CC-AE36-B2DDF6E8E888}.Release|Any CPU.Build.0 = Release|Any CPU
		{09A07A86-CA46-40CC-AE36-B2DDF6E8E888}.Release|x64.ActiveCfg = Release|Any CPU
		{09A07A86-CA46-40CC-AE36-B2DDF6E8E888}.Release|x64.Build.0 = Release|Any CPU
		{09A07A86-CA46-40CC-AE36-B2DDF6E8E888}.Release|x86.ActiveCfg = Release|Any CPU
		{09A07A86-CA46-40CC-AE36-B2DDF6E8E888}.Release|x86.Build.0 = Release|Any CPU
		{BB2F1D31-C1E3-4E76-8E18-C0FE7814FBAE}.Debug|Any CPU.ActiveCfg = Debug|Any CPU
		{BB2F1D31-C1E3-4E76-8E18-C0FE7814FBAE}.Debug|Any CPU.Build.0 = Debug|Any CPU
		{BB2F1D31-C1E3-4E76-8E18-C0FE7814FBAE}.Debug|x64.ActiveCfg = Debug|Any CPU
		{BB2F1D31-C1E3-4E76-8E18-C0FE7814FBAE}.Debug|x64.Build.0 = Debug|Any CPU
		{BB2F1D31-C1E3-4E76-8E18-C0FE7814FBAE}.Debug|x86.ActiveCfg = Debug|Any CPU
		{BB2F1D31-C1E3-4E76-8E18-C0FE7814FBAE}.Debug|x86.Build.0 = Debug|Any CPU
		{BB2F1D31-C1E3-4E76-8E18-C0FE7814FBAE}.Release|Any CPU.ActiveCfg = Release|Any CPU
		{BB2F1D31-C1E3-4E76-8E18-C0FE7814FBAE}.Release|Any CPU.Build.0 = Release|Any CPU
		{BB2F1D31-C1E3-4E76-8E18-C0FE7814FBAE}.Release|x64.ActiveCfg = Release|Any CPU
		{BB2F1D31-C1E3-4E76-8E18-C0FE7814FBAE}.Release|x64.Build.0 = Release|Any CPU
		{BB2F1D31-C1E3-4E76-8E18-C0FE7814FBAE}.Release|x86.ActiveCfg = Release|Any CPU
		{BB2F1D31-C1E3-4E76-8E18-C0FE7814FBAE}.Release|x86.Build.0 = Release|Any CPU
	EndGlobalSection
	GlobalSection(SolutionProperties) = preSolution
		HideSolutionNode = FALSE
	EndGlobalSection
EndGlobal
